# THIS IS AN AUTOGENERATED FILE. DO NOT EDIT THIS FILE DIRECTLY.
# yarn lockfile v1


jstat@^1.9.6:
  version "1.9.6"
  resolved "https://registry.yarnpkg.com/jstat/-/jstat-1.9.6.tgz#60e801b0d4c26e37aab0f375d1859fe9d60e10c0"
  integrity sha512-rPBkJbK2TnA8pzs93QcDDPlKcrtZWuuCo2dVR0TFLOJSxhqfWOVCSp8aV3/oSbn+4uY4yw1URtLpHQedtmXfug==
